github.com/fumiama/go-simple-protobuf v0.1.0 h1:rLzJgNqB6LHNDVMl81yyNt6ZKziWtVfu+ioF0edlEVw=
github.com/fumiama/go-simple-protobuf v0.1.0/go.mod h1:5yYNapXq1tQMOZg9bOIVhQlZk9pQqpuFIO4DZLbsdy4=
github.com/fumiama/gofastTEA v0.0.10 h1:JJJ+brWD4kie+mmK2TkspDXKzqq0IjXm89aGYfoGhhQ=
github.com/fumiama/gofastTEA v0.0.10/go.mod h1:RIdbYZyB4MbH6ZBlPymRaXn3cD6SedlCu5W/HHfMPBk=
